// !$*UTF8*$!
{
	archiveVersion = 1;
	classes = {
	};
	objectVersion = 50;
	objects = {

/* Begin PBXBuildFile section */
		FB28CDFC247FFF2400E8C95C /* AppDelegate.swift in Sources */ = {isa = PBXBuildFile; fileRef = FB28CDFB247FFF2400E8C95C /* AppDelegate.swift */; };
		FB28CDFE247FFF2400E8C95C /* SceneDelegate.swift in Sources */ = {isa = PBXBuildFile; fileRef = FB28CDFD247FFF2400E8C95C /* SceneDelegate.swift */; };
		FB28CE00247FFF2400E8C95C /* ViewController.swift in Sources */ = {isa = PBXBuildFile; fileRef = FB28CDFF247FFF2400E8C95C /* ViewController.swift */; };
		FB28CE03247FFF2400E8C95C /* Main.storyboard in Resources */ = {isa = PBXBuildFile; fileRef = FB28CE01247FFF2400E8C95C /* Main.storyboard */; };
		FB28CE05247FFF2500E8C95C /* Assets.xcassets in Resources */ = {isa = PBXBuildFile; fileRef = FB28CE04247FFF2500E8C95C /* Assets.xcassets */; };
		FB28CE08247FFF2500E8C95C /* LaunchScreen.storyboard in Resources */ = {isa = PBXBuildFile; fileRef = FB28CE06247FFF2500E8C95C /* LaunchScreen.storyboard */; };
/* End PBXBuildFile section */

/* Begin PBXFileReference section */
		FB28CDF8247FFF2400E8C95C /* ListOfName.app */ = {isa = PBXFileReference; explicitFileType = wrapper.application; includeInIndex = 0; path = ListOfName.app; sourceTree = BUILT_PRODUCTS_DIR; };
		FB28CDFB247FFF2400E8C95C /* AppDelegate.swift */ = {isa = PBXFileReference; lastKnownFileType = sourcecode.swift; path = AppDelegate.swift; sourceTree = "<group>"; };
		FB28CDFD247FFF2400E8C95C /* SceneDelegate.swift */ = {isa = PBXFileReference; lastKnownFileType = sourcecode.swift; path = SceneDelegate.swift; sourceTree = "<group>"; };
		FB28CDFF247FFF2400E8C95C /* ViewController.swift */ = {isa = PBXFileReference; lastKnownFileType = sourcecode.swift; path = ViewController.swift; sourceTree = "<group>"; };
		FB28CE02247FFF2400E8C95C /* Base */ = {isa = PBXFileReference; lastKnownFileType = file.storyboard; name = Base; path = Base.lproj/Main.storyboard; sourceTree = "<group>"; };
		FB28CE04247FFF2500E8C95C /* Assets.xcassets */ = {isa = PBXFileReference; lastKnownFileType = folder.assetcatalog; path = Assets.xcassets; sourceTree = "<group>"; };
		FB28CE07247FFF2500E8C95C /* Base */ = {isa = PBXFileReference; lastKnownFileType = file.storyboard; name = Base; path = Base.lproj/LaunchScreen.storyboard; sourceTree = "<group>"; };
		FB28CE09247FFF2500E8C95C /* Info.plist */ = {isa = PBXFileReference; lastKnownFileType = text.plist.xml; path = Info.plist; sourceTree = "<group>"; };
/* End PBXFileReference section */

/* Begin PBXFrameworksBuildPhase section */
		FB28CDF5247FFF2400E8C95C /* Frameworks */ = {
			isa = PBXFrameworksBuildPhase;
			buildActionMask = 2147483647;
			files = (
			);
			runOnlyForDeploymentPostprocessing = 0;
		};
/* End PBXFrameworksBuildPhase section */

/* Begin PBXGroup section */
		FB28CDEF247FFF2400E8C95C = {
			isa = PBXGroup;
			children = (
				FB28CDFA247FFF2400E8C95C /* ListOfName */,
				FB28CDF9247FFF2400E8C95C /* Products */,
			);
			sourceTree = "<group>";
		};
		FB28CDF9247FFF2400E8C95C /* Products */ = {
			isa = PBXGroup;
			children = (
				FB28CDF8247FFF2400E8C95C /* ListOfName.app */,
			);
			name = Products;
			sourceTree = "<group>";
		};
		FB28CDFA247FFF2400E8C95C /* ListOfName */ = {
			isa = PBXGroup;
			children = (
				FB28CDFB247FFF2400E8C95C /* AppDelegate.swift */,
				FB28CDFD247FFF2400E8C95C /* SceneDelegate.swift */,
				FB28CDFF247FFF2400E8C95C /* ViewController.swift */,
				FB28CE01247FFF2400E8C95C /* Main.storyboard */,
				FB28CE04247FFF2500E8C95C /* Assets.xcassets */,
				FB28CE06247FFF2500E8C95C /* LaunchScreen.storyboard */,
				FB28CE09247FFF2500E8C95C /* Info.plist */,
			);
			path = ListOfName;
			sourceTree = "<group>";
		};
/* End PBXGroup section */

/* Begin PBXNativeTarget section */
		FB28CDF7247FFF2400E8C95C /* ListOfName */ = {
			isa = PBXNativeTarget;
			buildConfigurationList = FB28CE0C247FFF2500E8C95C /* Build configuration list for PBXNativeTarget "ListOfName" */;
			buildPhases = (
				FB28CDF4247FFF2400E8C95C /* Sources */,
				FB28CDF5247FFF2400E8C95C /* Frameworks */,
				FB28CDF6247FFF2400E8C95C /* Resources */,
			);
			buildRules = (
			);
			dependencies = (
			);
			name = ListOfName;
			productName = ListOfName;
			productReference = FB28CDF8247FFF2400E8C95C /* ListOfName.app */;
			productType = "com.apple.product-type.application";
		};
/* End PBXNativeTarget section */

/* Begin PBXProject section */
		FB28CDF0247FFF2400E8C95C /* Project object */ = {
			isa = PBXProject;
			attributes = {
				LastSwiftUpdateCheck = 1140;
				LastUpgradeCheck = 1140;
				ORGANIZATIONNAME = sowah;
				TargetAttributes = {
					FB28CDF7247FFF2400E8C95C = {
						CreatedOnToolsVersion = 11.4.1;
					};
				};
			};
			buildConfigurationList = FB28CDF3247FFF2400E8C95C /* Build configuration list for PBXProject "ListOfName" */;
			compatibilityVersion = "Xcode 9.3";
			developmentRegion = en;
			hasScannedForEncodings = 0;
			knownRegions = (
				en,
				Base,
			);
			mainGroup = FB28CDEF247FFF2400E8C95C;
			productRefGroup = FB28CDF9247FFF2400E8C95C /* Products */;
			projectDirPath = "";
			projectRoot = "";
			targets = (
				FB28CDF7247FFF2400E8C95C /* ListOfName */,
			);
		};
/* End PBXProject section */

/* Begin PBXResourcesBuildPhase section */
		FB28CDF6247FFF2400E8C95C /* Resources */ = {
			isa = PBXResourcesBuildPhase;
			buildActionMask = 2147483647;
			files = (
				FB28CE08247FFF2500E8C95C /* LaunchScreen.storyboard in Resources */,
				FB28CE05247FFF2500E8C95C /* Assets.xcassets in Resources */,
				FB28CE03247FFF2400E8C95C /* Main.storyboard in Resources */,
			);
			runOnlyForDeploymentPostprocessing = 0;
		};
/* End PBXResourcesBuildPhase section */

/* Begin PBXSourcesBuildPhase section */
		FB28CDF4247FFF2400E8C95C /* Sources */ = {
			isa = PBXSourcesBuildPhase;
			buildActionMask = 2147483647;
			files = (
				FB28CE00247FFF2400E8C95C /* ViewController.swift in Sources */,
				FB28CDFC247FFF2400E8C95C /* AppDelegate.swift in Sources */,
				FB28CDFE247FFF2400E8C95C /* SceneDelegate.swift in Sources */,
			);
			runOnlyForDeploymentPostprocessing = 0;
		};
/* End PBXSourcesBuildPhase section */

/* Begin PBXVariantGroup section */
		FB28CE01247FFF2400E8C95C /* Main.storyboard */ = {
			isa = PBXVariantGroup;
			children = (
				FB28CE02247FFF2400E8C95C /* Base */,
			);
			name = Main.storyboard;
			sourceTree = "<group>";
		};
		FB28CE06247FFF2500E8C95C /* LaunchScreen.storyboard */ = {
			isa = PBXVariantGroup;
			children = (
				FB28CE07247FFF2500E8C95C /* Base */,
			);
			name = LaunchScreen.storyboard;
			sourceTree = "<group>";
		};
/* End PBXVariantGroup section */

/* Begin XCBuildConfiguration section */
		FB28CE0A247FFF2500E8C95C /* Debug */ = {
			isa = XCBuildConfiguration;
			buildSettings = {
				ALWAYS_SEARCH_USER_PATHS = NO;
				CLANG_ANALYZER_NONNULL = YES;
				CLANG_ANALYZER_NUMBER_OBJECT_CONVERSION = YES_AGGRESSIVE;
				CLANG_CXX_LANGUAGE_STANDARD = "gnu++14";
				CLANG_CXX_LIBRARY = "libc++";
				CLANG_ENABLE_MODULES = YES;
				CLANG_ENABLE_OBJC_ARC = YES;
				CLANG_ENABLE_OBJC_WEAK = YES;
				CLANG_WARN_BLOCK_CAPTURE_AUTORELEASING = YES;
				CLANG_WARN_BOOL_CONVERSION = YES;
				CLANG_WARN_COMMA = YES;
				CLANG_WARN_CONSTANT_CONVERSION = YES;
				CLANG_WARN_DEPRECATED_OBJC_IMPLEMENTATIONS = YES;
				CLANG_WARN_DIRECT_OBJC_ISA_USAGE = YES_ERROR;
				CLANG_WARN_DOCUMENTATION_COMMENTS = YES;
				CLANG_WARN_EMPTY_BODY = YES;
				CLANG_WARN_ENUM_CONVERSION = YES;
				CLANG_WARN_INFINITE_RECURSION = YES;
				CLANG_WARN_INT_CONVERSION = YES;
				CLANG_WARN_NON_LITERAL_NULL_CONVERSION = YES;
				CLANG_WARN_OBJC_IMPLICIT_RETAIN_SELF = YES;
				CLANG_WARN_OBJC_LITERAL_CONVERSION = YES;
				CLANG_WARN_OBJC_ROOT_CLASS = YES_ERROR;
				CLANG_WARN_RANGE_LOOP_ANALYSIS = YES;
				CLANG_WARN_STRICT_PROTOTYPES = YES;
				CLANG_WARN_SUSPICIOUS_MOVE = YES;
				CLANG_WARN_UNGUARDED_AVAILABILITY = YES_AGGRESSIVE;
				CLANG_WARN_UNREACHABLE_CODE = YES;
				CLANG_WARN__DUPLICATE_METHOD_MATCH = YES;
				COPY_PHASE_STRIP = NO;
				DEBUG_INFORMATION_FORMAT = dwarf;
				ENABLE_STRICT_OBJC_MSGSEND = YES;
				ENABLE_TESTABILITY = YES;
				GCC_C_LANGUAGE_STANDARD = gnu11;
				GCC_DYNAMIC_NO_PIC = NO;
				GCC_NO_COMMON_BLOCKS = YES;
				GCC_OPTIMIZATION_LEVEL = 0;
				GCC_PREPROCESSOR_DEFINITIONS = (
					"DEBUG=1",
					"$(inherited)",
				);
				GCC_WARN_64_TO_32_BIT_CONVERSION = YES;
				GCC_WARN_ABOUT_RETURN_TYPE = YES_ERROR;
				GCC_WARN_UNDECLARED_SELECTOR = YES;
				GCC_WARN_UNINITIALIZED_AUTOS = YES_AGGRESSIVE;
				GCC_WARN_UNUSED_FUNCTION = YES;
				GCC_WARN_UNUSED_VARIABLE = YES;
				IPHONEOS_DEPLOYMENT_TARGET = 13.4;
				MTL_ENABLE_DEBUG_INFO = INCLUDE_SOURCE;
				MTL_FAST_MATH = YES;
				ONLY_ACTIVE_ARCH = YES;
				SDKROOT = iphoneos;
				SWIFT_ACTIVE_COMPILATION_CONDITIONS = DEBUG;
				SWIFT_OPTIMIZATION_LEVEL = "-Onone";
			};
			name = Debug;
		};
		FB28CE0B247FFF2500E8C95C /* Release */ = {
			isa = XCBuildConfiguration;
			buildSettings = {
				ALWAYS_SEARCH_USER_PATHS = NO;
				CLANG_ANALYZER_NONNULL = YES;
				CLANG_ANALYZER_NUMBER_OBJECT_CONVERSION = YES_AGGRESSIVE;
				CLANG_CXX_LANGUAGE_STANDARD = "gnu++14";
				CLANG_CXX_LIBRARY = "libc++";
				CLANG_ENABLE_MODULES = YES;
				CLANG_ENABLE_OBJC_ARC = YES;
				CLANG_ENABLE_OBJC_WEAK = YES;
				CLANG_WARN_BLOCK_CAPTURE_AUTORELEASING = YES;
				CLANG_WARN_BOOL_CONVERSION = YES;
				CLANG_WARN_COMMA = YES;
				CLANG_WARN_CONSTANT_CONVERSION = YES;
				CLANG_WARN_DEPRECATED_OBJC_IMPLEMENTATIONS = YES;
				CLANG_WARN_DIRECT_OBJC_ISA_USAGE = YES_ERROR;
				CLANG_WARN_DOCUMENTATION_COMMENTS = YES;
				CLANG_WARN_EMPTY_BODY = YES;
				CLANG_WARN_ENUM_CONVERSION = YES;
				CLANG_WARN_INFINITE_RECURSION = YES;
				CLANG_WARN_INT_CONVERSION = YES;
				CLANG_WARN_NON_LITERAL_NULL_CONVERSION = YES;
				CLANG_WARN_OBJC_IMPLICIT_RETAIN_SELF = YES;
				CLANG_WARN_OBJC_LITERAL_CONVERSION = YES;
				CLANG_WARN_OBJC_ROOT_CLASS = YES_ERROR;
				CLANG_WARN_RANGE_LOOP_ANALYSIS = YES;
				CLANG_WARN_STRICT_PROTOTYPES = YES;
				CLANG_WARN_SUSPICIOUS_MOVE = YES;
				CLANG_WARN_UNGUARDED_AVAILABILITY = YES_AGGRESSIVE;
				CLANG_WARN_UNREACHABLE_CODE = YES;
				CLANG_WARN__DUPLICATE_METHOD_MATCH = YES;
				COPY_PHASE_STRIP = NO;
				DEBUG_INFORMATION_FORMAT = "dwarf-with-dsym";
				ENABLE_NS_ASSERTIONS = NO;
				ENABLE_STRICT_OBJC_MSGSEND = YES;
				GCC_C_LANGUAGE_STANDARD = gnu11;
				GCC_NO_COMMON_BLOCKS = YES;
				GCC_WARN_64_TO_32_BIT_CONVERSION = YES;
				GCC_WARN_ABOUT_RETURN_TYPE = YES_ERROR;
				GCC_WARN_UNDECLARED_SELECTOR = YES;
				GCC_WARN_UNINITIALIZED_AUTOS = YES_AGGRESSIVE;
				GCC_WARN_UNUSED_FUNCTION = YES;
				GCC_WARN_UNUSED_VARIABLE = YES;
				IPHONEOS_DEPLOYMENT_TARGET = 13.4;
				MTL_ENABLE_DEBUG_INFO = NO;
				MTL_FAST_MATH = YES;
				SDKROOT = iphoneos;
				SWIFT_COMPILATION_MODE = wholemodule;
				SWIFT_OPTIMIZATION_LEVEL = "-O";
				VALIDATE_PRODUCT = YES;
			};
			name = Release;
		};
		FB28CE0D247FFF2500E8C95C /* Debug */ = {
			isa = XCBuildConfiguration;
			buildSettings = {
				ASSETCATALOG_COMPILER_APPICON_NAME = AppIcon;
				CODE_SIGN_STYLE = Automatic;
				DEVELOPMENT_TEAM = B5297G38R8;
				INFOPLIST_FILE = ListOfName/Info.plist;
				LD_RUNPATH_SEARCH_PATHS = (
					"$(inherited)",
					"@executable_path/Frameworks",
				);
				PRODUCT_BUNDLE_IDENTIFIER = sowah.ListOfName;
				PRODUCT_NAME = "$(TARGET_NAME)";
				SWIFT_VERSION = 5.0;
				TARGETED_DEVICE_FAMILY = "1,2";
			};
			name = Debug;
		};
		FB28CE0E247FFF2500E8C95C /* Release */ = {
			isa = XCBuildConfiguration;
			buildSettings = {
				ASSETCATALOG_COMPILER_APPICON_NAME = AppIcon;
				CODE_SIGN_STYLE = Automatic;
				DEVELOPMENT_TEAM = B5297G38R8;
				INFOPLIST_FILE = ListOfName/Info.plist;
				LD_RUNPATH_SEARCH_PATHS = (
					"$(inherited)",
					"@executable_path/Frameworks",
				);
				PRODUCT_BUNDLE_IDENTIFIER = sowah.ListOfName;
				PRODUCT_NAME = "$(TARGET_NAME)";
				SWIFT_VERSION = 5.0;
				TARGETED_DEVICE_FAMILY = "1,2";
			};
			name = Release;
		};
/* End XCBuildConfiguration section */

/* Begin XCConfigurationList section */
		FB28CDF3247FFF2400E8C95C /* Build configuration list for PBXProject "ListOfName" */ = {
			isa = XCConfigurationList;
			buildConfigurations = (
				FB28CE0A247FFF2500E8C95C /* Debug */,
				FB28CE0B247FFF2500E8C95C /* Release */,
			);
			defaultConfigurationIsVisible = 0;
			defaultConfigurationName = Release;
		};
		FB28CE0C247FFF2500E8C95C /* Build configuration list for PBXNativeTarget "ListOfName" */ = {
			isa = XCConfigurationList;
			buildConfigurations = (
				FB28CE0D247FFF2500E8C95C /* Debug */,
				FB28CE0E247FFF2500E8C95C /* Release */,
			);
			defaultConfigurationIsVisible = 0;
			defaultConfigurationName = Release;
		};
/* End XCConfigurationList section */
	};
	rootObject = FB28CDF0247FFF2400E8C95C /* Project object */;
}
